version = 1
revision = 3
requires-python = "==3.10.13"

[[package]]
name = "cffi"
version = "2.0.0"
source = { registry = "https://pypi.org/simple" }
dependencies = [
    { name = "pycparser", marker = "implementation_name != 'PyPy'" },
]
sdist = { url = "https://files.pythonhosted.org/packages/eb/56/b1ba7935a17738ae8453301356628e8147c79dbb825bcbc73dc7401f9846/cffi-2.0.0.tar.gz", hash = "sha256:44d1b5909021139fe36001ae048dbdde8214afa20200eda0f64c068cac5d5529", size = 523588, upload-time = "2025-09-08T23:24:04.541Z" }
wheels = [
    { url = "https://files.pythonhosted.org/packages/93/d7/516d984057745a6cd96575eea814fe1edd6646ee6efd552fb7b0921dec83/cffi-2.0.0-cp310-cp310-macosx_10_13_x86_64.whl", hash = "sha256:0cf2d91ecc3fcc0625c2c530fe004f82c110405f101548512cce44322fa8ac44", size = 184283, upload-time = "2025-09-08T23:22:08.01Z" },
    { url = "https://files.pythonhosted.org/packages/9e/84/ad6a0b408daa859246f57c03efd28e5dd1b33c21737c2db84cae8c237aa5/cffi-2.0.0-cp310-cp310-macosx_11_0_arm64.whl", hash = "sha256:f73b96c41e3b2adedc34a7356e64c8eb96e03a3782b535e043a986276ce12a49", size = 180504, upload-time = "2025-09-08T23:22:10.637Z" },
    { url = "https://files.pythonhosted.org/packages/50/bd/b1a6362b80628111e6653c961f987faa55262b4002fcec42308cad1db680/cffi-2.0.0-cp310-cp310-manylinux1_i686.manylinux2014_i686.manylinux_2_17_i686.manylinux_2_5_i686.whl", hash = "sha256:53f77cbe57044e88bbd5ed26ac1d0514d2acf0591dd6bb02a3ae37f76811b80c", size = 208811, upload-time = "2025-09-08T23:22:12.267Z" },
    { url = "https://files.pythonhosted.org/packages/4f/27/6933a8b2562d7bd1fb595074cf99cc81fc3789f6a6c05cdabb46284a3188/cffi-2.0.0-cp310-cp310-manylinux2014_aarch64.manylinux_2_17_aarch64.whl", hash = "sha256:3e837e369566884707ddaf85fc1744b47575005c0a229de3327f8f9a20f4efeb", size = 216402, upload-time = "2025-09-08T23:22:13.455Z" },
    { url = "https://files.pythonhosted.org/packages/05/eb/b86f2a2645b62adcfff53b0dd97e8dfafb5c8aa864bd0d9a2c2049a0d551/cffi-2.0.0-cp310-cp310-manylinux2014_ppc64le.manylinux_2_17_ppc64le.whl", hash = "sha256:5eda85d6d1879e692d546a078b44251cdd08dd1cfb98dfb77b670c97cee49ea0", size = 203217, upload-time = "2025-09-08T23:22:14.596Z" },
    { url = "https://files.pythonhosted.org/packages/9f/e0/6cbe77a53acf5acc7c08cc186c9928864bd7c005f9efd0d126884858a5fe/cffi-2.0.0-cp310-cp310-manylinux2014_s390x.manylinux_2_17_s390x.whl", hash = "sha256:9332088d75dc3241c702d852d4671613136d90fa6881da7d770a483fd05248b4", size = 203079, upload-time = "2025-09-08T23:22:15.769Z" },
    { url = "https://files.pythonhosted.org/packages/98/29/9b366e70e243eb3d14a5cb488dfd3a0b6b2f1fb001a203f653b93ccfac88/cffi-2.0.0-cp310-cp310-manylinux2014_x86_64.manylinux_2_17_x86_64.whl", hash = "sha256:fc7de24befaeae77ba923797c7c87834c73648a05a4bde34b3b7e5588973a453", size = 216475, upload-time = "2025-09-08T23:22:17.427Z" },
    { url = "https://files.pythonhosted.org/packages/21/7a/13b24e70d2f90a322f2900c5d8e1f14fa7e2a6b3332b7309ba7b2ba51a5a/cffi-2.0.0-cp310-cp310-musllinux_1_2_aarch64.whl", hash = "sha256:cf364028c016c03078a23b503f02058f1814320a56ad535686f90565636a9495", size = 218829, upload-time = "2025-09-08T23:22:19.069Z" },
    { url = "https://files.pythonhosted.org/packages/60/99/c9dc110974c59cc981b1f5b66e1d8af8af764e00f0293266824d9c4254bc/cffi-2.0.0-cp310-cp310-musllinux_1_2_i686.whl", hash = "sha256:e11e82b744887154b182fd3e7e8512418446501191994dbf9c9fc1f32cc8efd5", size = 211211, upload-time = "2025-09-08T23:22:20.588Z" },
    { url = "https://files.pythonhosted.org/packages/49/72/ff2d12dbf21aca1b32a40ed792ee6b40f6dc3a9cf1644bd7ef6e95e0ac5e/cffi-2.0.0-cp310-cp310-musllinux_1_2_x86_64.whl", hash = "sha256:8ea985900c5c95ce9db1745f7933eeef5d314f0565b27625d9a10ec9881e1bfb", size = 218036, upload-time = "2025-09-08T23:22:22.143Z" },
    { url = "https://files.pythonhosted.org/packages/e2/cc/027d7fb82e58c48ea717149b03bcadcbdc293553edb283af792bd4bcbb3f/cffi-2.0.0-cp310-cp310-win32.whl", hash = "sha256:1f72fb8906754ac8a2cc3f9f5aaa298070652a0ffae577e0ea9bd480dc3c931a", size = 172184, upload-time = "2025-09-08T23:22:23.328Z" },
    { url = "https://files.pythonhosted.org/packages/33/fa/072dd15ae27fbb4e06b437eb6e944e75b068deb09e2a2826039e49ee2045/cffi-2.0.0-cp310-cp310-win_amd64.whl", hash = "sha256:b18a3ed7d5b3bd8d9ef7a8cb226502c6bf8308df1525e1cc676c3680e7176739", size = 182790, upload-time = "2025-09-08T23:22:24.752Z" },
]

[[package]]
name = "luanti-map-builder"
version = "0.1.0"
source = { editable = "." }
dependencies = [
    { name = "zstandard" },
]

[package.metadata]
requires-dist = [{ name = "zstandard", specifier = "==0.23.0" }]

[[package]]
name = "pycparser"
version = "3.0"
source = { registry = "https://pypi.org/simple" }
sdist = { url = "https://files.pythonhosted.org/packages/1b/7d/92392ff7815c21062bea51aa7b87d45576f649f16458d78b7cf94b9ab2e6/pycparser-3.0.tar.gz", hash = "sha256:600f49d217304a5902ac3c37e1281c9fe94e4d0489de643a9504c5cdfdfc6b29", size = 103492, upload-time = "2026-01-21T14:26:51.89Z" }
wheels = [
    { url = "https://files.pythonhosted.org/packages/0c/c3/44f3fbbfa403ea2a7c779186dc20772604442dde72947e7d01069cbe98e3/pycparser-3.0-py3-none-any.whl", hash = "sha256:b727414169a36b7d524c1c3e31839a521725078d7b2ff038656844266160a992", size = 48172, upload-time = "2026-01-21T14:26:50.693Z" },
]

[[package]]
name = "zstandard"
version = "0.23.0"
source = { registry = "https://pypi.org/simple" }
dependencies = [
    { name = "cffi", marker = "platform_python_implementation == 'PyPy'" },
]
sdist = { url = "https://files.pythonhosted.org/packages/ed/f6/2ac0287b442160a89d726b17a9184a4c615bb5237db763791a7fd16d9df1/zstandard-0.23.0.tar.gz", hash = "sha256:b2d8c62d08e7255f68f7a740bae85b3c9b8e5466baa9cbf7f57f1cde0ac6bc09", size = 681701, upload-time = "2024-07-15T00:18:06.141Z" }
wheels = [
    { url = "https://files.pythonhosted.org/packages/2a/55/bd0487e86679db1823fc9ee0d8c9c78ae2413d34c0b461193b5f4c31d22f/zstandard-0.23.0-cp310-cp310-macosx_10_9_x86_64.whl", hash = "sha256:bf0a05b6059c0528477fba9054d09179beb63744355cab9f38059548fedd46a9", size = 788701, upload-time = "2024-07-15T00:13:27.351Z" },
    { url = "https://files.pythonhosted.org/packages/e1/8a/ccb516b684f3ad987dfee27570d635822e3038645b1a950c5e8022df1145/zstandard-0.23.0-cp310-cp310-macosx_11_0_arm64.whl", hash = "sha256:fc9ca1c9718cb3b06634c7c8dec57d24e9438b2aa9a0f02b8bb36bf478538880", size = 633678, upload-time = "2024-07-15T00:13:30.24Z" },
    { url = "https://files.pythonhosted.org/packages/12/89/75e633d0611c028e0d9af6df199423bf43f54bea5007e6718ab7132e234c/zstandard-0.23.0-cp310-cp310-manylinux_2_17_aarch64.manylinux2014_aarch64.whl", hash = "sha256:77da4c6bfa20dd5ea25cbf12c76f181a8e8cd7ea231c673828d0386b1740b8dc", size = 4941098, upload-time = "2024-07-15T00:13:32.526Z" },
    { url = "https://files.pythonhosted.org/packages/4a/7a/bd7f6a21802de358b63f1ee636ab823711c25ce043a3e9f043b4fcb5ba32/zstandard-0.23.0-cp310-cp310-manylinux_2_17_ppc64le.manylinux2014_ppc64le.whl", hash = "sha256:b2170c7e0367dde86a2647ed5b6f57394ea7f53545746104c6b09fc1f4223573", size = 5308798, upload-time = "2024-07-15T00:13:34.925Z" },
    { url = "https://files.pythonhosted.org/packages/79/3b/775f851a4a65013e88ca559c8ae42ac1352db6fcd96b028d0df4d7d1d7b4/zstandard-0.23.0-cp310-cp310-manylinux_2_17_s390x.manylinux2014_s390x.whl", hash = "sha256:c16842b846a8d2a145223f520b7e18b57c8f476924bda92aeee3a88d11cfc391", size = 5341840, upload-time = "2024-07-15T00:13:37.376Z" },
    { url = "https://files.pythonhosted.org/packages/09/4f/0cc49570141dd72d4d95dd6fcf09328d1b702c47a6ec12fbed3b8aed18a5/zstandard-0.23.0-cp310-cp310-manylinux_2_17_x86_64.manylinux2014_x86_64.whl", hash = "sha256:157e89ceb4054029a289fb504c98c6a9fe8010f1680de0201b3eb5dc20aa6d9e", size = 5440337, upload-time = "2024-07-15T00:13:39.772Z" },
    { url = "https://files.pythonhosted.org/packages/e7/7c/aaa7cd27148bae2dc095191529c0570d16058c54c4597a7d118de4b21676/zstandard-0.23.0-cp310-cp310-manylinux_2_5_i686.manylinux1_i686.manylinux_2_17_i686.manylinux2014_i686.whl", hash = "sha256:203d236f4c94cd8379d1ea61db2fce20730b4c38d7f1c34506a31b34edc87bdd", size = 4861182, upload-time = "2024-07-15T00:13:42.495Z" },
    { url = "https://files.pythonhosted.org/packages/ac/eb/4b58b5c071d177f7dc027129d20bd2a44161faca6592a67f8fcb0b88b3ae/zstandard-0.23.0-cp310-cp310-musllinux_1_1_aarch64.whl", hash = "sha256:dc5d1a49d3f8262be192589a4b72f0d03b72dcf46c51ad5852a4fdc67be7b9e4", size = 4932936, upload-time = "2024-07-15T00:13:44.234Z" },
    { url = "https://files.pythonhosted.org/packages/44/f9/21a5fb9bb7c9a274b05ad700a82ad22ce82f7ef0f485980a1e98ed6e8c5f/zstandard-0.23.0-cp310-cp310-musllinux_1_1_x86_64.whl", hash = "sha256:752bf8a74412b9892f4e5b58f2f890a039f57037f52c89a740757ebd807f33ea", size = 5464705, upload-time = "2024-07-15T00:13:46.822Z" },
    { url = "https://files.pythonhosted.org/packages/49/74/b7b3e61db3f88632776b78b1db597af3f44c91ce17d533e14a25ce6a2816/zstandard-0.23.0-cp310-cp310-musllinux_1_2_aarch64.whl", hash = "sha256:80080816b4f52a9d886e67f1f96912891074903238fe54f2de8b786f86baded2", size = 4857882, upload-time = "2024-07-15T00:13:49.297Z" },
    { url = "https://files.pythonhosted.org/packages/4a/7f/d8eb1cb123d8e4c541d4465167080bec88481ab54cd0b31eb4013ba04b95/zstandard-0.23.0-cp310-cp310-musllinux_1_2_i686.whl", hash = "sha256:84433dddea68571a6d6bd4fbf8ff398236031149116a7fff6f777ff95cad3df9", size = 4697672, upload-time = "2024-07-15T00:13:51.447Z" },
    { url = "https://files.pythonhosted.org/packages/5e/05/f7dccdf3d121309b60342da454d3e706453a31073e2c4dac8e1581861e44/zstandard-0.23.0-cp310-cp310-musllinux_1_2_ppc64le.whl", hash = "sha256:ab19a2d91963ed9e42b4e8d77cd847ae8381576585bad79dbd0a8837a9f6620a", size = 5206043, upload-time = "2024-07-15T00:13:53.587Z" },
    { url = "https://files.pythonhosted.org/packages/86/9d/3677a02e172dccd8dd3a941307621c0cbd7691d77cb435ac3c75ab6a3105/zstandard-0.23.0-cp310-cp310-musllinux_1_2_s390x.whl", hash = "sha256:59556bf80a7094d0cfb9f5e50bb2db27fefb75d5138bb16fb052b61b0e0eeeb0", size = 5667390, upload-time = "2024-07-15T00:13:56.137Z" },
    { url = "https://files.pythonhosted.org/packages/41/7e/0012a02458e74a7ba122cd9cafe491facc602c9a17f590367da369929498/zstandard-0.23.0-cp310-cp310-musllinux_1_2_x86_64.whl", hash = "sha256:27d3ef2252d2e62476389ca8f9b0cf2bbafb082a3b6bfe9d90cbcbb5529ecf7c", size = 5198901, upload-time = "2024-07-15T00:13:58.584Z" },
    { url = "https://files.pythonhosted.org/packages/65/3a/8f715b97bd7bcfc7342d8adcd99a026cb2fb550e44866a3b6c348e1b0f02/zstandard-0.23.0-cp310-cp310-win32.whl", hash = "sha256:5d41d5e025f1e0bccae4928981e71b2334c60f580bdc8345f824e7c0a4c2a813", size = 430596, upload-time = "2024-07-15T00:14:00.693Z" },
    { url = "https://files.pythonhosted.org/packages/19/b7/b2b9eca5e5a01111e4fe8a8ffb56bdcdf56b12448a24effe6cfe4a252034/zstandard-0.23.0-cp310-cp310-win_amd64.whl", hash = "sha256:519fbf169dfac1222a76ba8861ef4ac7f0530c35dd79ba5727014613f91613d4", size = 495498, upload-time = "2024-07-15T00:14:02.741Z" },
]
